
Microsoft Visual Studio Solution File, Format Version 12.00
# Visual Studio Version 17
VisualStudioVersion = 17.2.32616.157
MinimumVisualStudioVersion = 10.0.40219.1
Project("{FAE04EC0-301F-11D3-BF4B-00C04F79EFBC}") = "ModuloAutenticacao.Desktop", "ModuloAutenticacao.Desktop\ModuloAutenticacao.Desktop.csproj", "{3E89B1EF-D733-4567-9573-98515AB1568E}"
EndProject
Project("{FAE04EC0-301F-11D3-BF4B-00C04F79EFBC}") = "ModuloAutenticacao.Classes", "ModuloAutenticacao.Classes\ModuloAutenticacao.Classes.csproj", "{2D9A9D50-8437-48E4-9386-2EAED990CE60}"
EndProject
Global
	GlobalSection(SolutionConfigurationPlatforms) = preSolution
		Debug|Any CPU = Debug|Any CPU
		Release|Any CPU = Release|Any CPU
	EndGlobalSection
	GlobalSection(ProjectConfigurationPlatforms) = postSolution
		{3E89B1EF-D733-4567-9573-98515AB1568E}.Debug|Any CPU.ActiveCfg = Debug|Any CPU
		{3E89B1EF-D733-4567-9573-98515AB1568E}.Debug|Any CPU.Build.0 = Debug|Any CPU
		{3E89B1EF-D733-4567-9573-98515AB1568E}.Release|Any CPU.ActiveCfg = Release|Any CPU
		{3E89B1EF-D733-4567-9573-98515AB1568E}.Release|Any CPU.Build.0 = Release|Any CPU
		{2D9A9D50-8437-48E4-9386-2EAED990CE60}.Debug|Any CPU.ActiveCfg = Debug|Any CPU
		{2D9A9D50-8437-48E4-9386-2EAED990CE60}.Debug|Any CPU.Build.0 = Debug|Any CPU
		{2D9A9D50-8437-48E4-9386-2EAED990CE60}.Release|Any CPU.ActiveCfg = Release|Any CPU
		{2D9A9D50-8437-48E4-9386-2EAED990CE60}.Release|Any CPU.Build.0 = Release|Any CPU
	EndGlobalSection
	GlobalSection(SolutionProperties) = preSolution
		HideSolutionNode = FALSE
	EndGlobalSection
	GlobalSection(ExtensibilityGlobals) = postSolution
		SolutionGuid = {FEA86EA1-8F05-420E-9D77-59720A44CF7B}
	EndGlobalSection
EndGlobal
